
Microsoft Visual Studio Solution File, Format Version 12.00
# Visual Studio Version 16
VisualStudioVersion = 16.0.30114.105
MinimumVisualStudioVersion = 10.0.40219.1
Project("{FAE04EC0-301F-11D3-BF4B-00C04F79EFBC}") = "web", "web\web.csproj", "{0C995E24-A487-4496-B0C9-CE574F3AB976}"
EndProject
Project("{FAE04EC0-301F-11D3-BF4B-00C04F79EFBC}") = "web.test", "web.test\web.test.csproj", "{B6D1B01E-C465-41A2-864A-02C152CAC1DE}"
EndProject
Project("{FAE04EC0-301F-11D3-BF4B-00C04F79EFBC}") = "api", "api\api.csproj", "{2C0B6DC9-1141-4773-AA2C-9DA3BCC6051B}"
EndProject
Project("{FAE04EC0-301F-11D3-BF4B-00C04F79EFBC}") = "api.test", "api.test\api.test.csproj", "{E291FCF5-F681-473B-8F29-B4AE7D3B0F55}"
EndProject
Project("{2150E333-8FDC-42A3-9474-1A3956D46DE8}") = "Tests", "Tests", "{AA1F1418-7276-4BD1-BB0C-FE2EBF136660}"
EndProject
Global
	GlobalSection(SolutionConfigurationPlatforms) = preSolution
		Debug|Any CPU = Debug|Any CPU
		Debug|x64 = Debug|x64
		Debug|x86 = Debug|x86
		Release|Any CPU = Release|Any CPU
		Release|x64 = Release|x64
		Release|x86 = Release|x86
	EndGlobalSection
	GlobalSection(SolutionProperties) = preSolution
		HideSolutionNode = FALSE
	EndGlobalSection
	GlobalSection(ProjectConfigurationPlatforms) = postSolution
		{0C995E24-A487-4496-B0C9-CE574F3AB976}.Debug|Any CPU.ActiveCfg = Debug|Any CPU
		{0C995E24-A487-4496-B0C9-CE574F3AB976}.Debug|Any CPU.Build.0 = Debug|Any CPU
		{0C995E24-A487-4496-B0C9-CE574F3AB976}.Debug|x64.ActiveCfg = Debug|Any CPU
		{0C995E24-A487-4496-B0C9-CE574F3AB976}.Debug|x64.Build.0 = Debug|Any CPU
		{0C995E24-A487-4496-B0C9-CE574F3AB976}.Debug|x86.ActiveCfg = Debug|Any CPU
		{0C995E24-A487-4496-B0C9-CE574F3AB976}.Debug|x86.Build.0 = Debug|Any CPU
		{0C995E24-A487-4496-B0C9-CE574F3AB976}.Release|Any CPU.ActiveCfg = Release|Any CPU
		{0C995E24-A487-4496-B0C9-CE574F3AB976}.Release|Any CPU.Build.0 = Release|Any CPU
		{0C995E24-A487-4496-B0C9-CE574F3AB976}.Release|x64.ActiveCfg = Release|Any CPU
		{0C995E24-A487-4496-B0C9-CE574F3AB976}.Release|x64.Build.0 = Release|Any CPU
		{0C995E24-A487-4496-B0C9-CE574F3AB976}.Release|x86.ActiveCfg = Release|Any CPU
		{0C995E24-A487-4496-B0C9-CE574F3AB976}.Release|x86.Build.0 = Release|Any CPU
		{B6D1B01E-C465-41A2-864A-02C152CAC1DE}.Debug|Any CPU.ActiveCfg = Debug|Any CPU
		{B6D1B01E-C465-41A2-864A-02C152CAC1DE}.Debug|Any CPU.Build.0 = Debug|Any CPU
		{B6D1B01E-C465-41A2-864A-02C152CAC1DE}.Debug|x64.ActiveCfg = Debug|Any CPU
		{B6D1B01E-C465-41A2-864A-02C152CAC1DE}.Debug|x64.Build.0 = Debug|Any CPU
		{B6D1B01E-C465-41A2-864A-02C152CAC1DE}.Debug|x86.ActiveCfg = Debug|Any CPU
		{B6D1B01E-C465-41A2-864A-02C152CAC1DE}.Debug|x86.Build.0 = Debug|Any CPU
		{B6D1B01E-C465-41A2-864A-02C152CAC1DE}.Release|Any CPU.ActiveCfg = Release|Any CPU
		{B6D1B01E-C465-41A2-864A-02C152CAC1DE}.Release|Any CPU.Build.0 = Release|Any CPU
		{B6D1B01E-C465-41A2-864A-02C152CAC1DE}.Release|x64.ActiveCfg = Release|Any CPU
		{B6D1B01E-C465-41A2-864A-02C152CAC1DE}.Release|x64.Build.0 = Release|Any CPU
		{B6D1B01E-C465-41A2-864A-02C152CAC1DE}.Release|x86.ActiveCfg = Release|Any CPU
		{B6D1B01E-C465-41A2-864A-02C152CAC1DE}.Release|x86.Build.0 = Release|Any CPU
		{2C0B6DC9-1141-4773-AA2C-9DA3BCC6051B}.Debug|Any CPU.ActiveCfg = Debug|Any CPU
		{2C0B6DC9-1141-4773-AA2C-9DA3BCC6051B}.Debug|Any CPU.Build.0 = Debug|Any CPU
		{2C0B6DC9-1141-4773-AA2C-9DA3BCC6051B}.Debug|x64.ActiveCfg = Debug|Any CPU
		{2C0B6DC9-1141-4773-AA2C-9DA3BCC6051B}.Debug|x64.Build.0 = Debug|Any CPU
		{2C0B6DC9-1141-4773-AA2C-9DA3BCC6051B}.Debug|x86.ActiveCfg = Debug|Any CPU
		{2C0B6DC9-1141-4773-AA2C-9DA3BCC6051B}.Debug|x86.Build.0 = Debug|Any CPU
		{2C0B6DC9-1141-4773-AA2C-9DA3BCC6051B}.Release|Any CPU.ActiveCfg = Release|Any CPU
		{2C0B6DC9-1141-4773-AA2C-9DA3BCC6051B}.Release|Any CPU.Build.0 = Release|Any CPU
		{2C0B6DC9-1141-4773-AA2C-9DA3BCC6051B}.Release|x64.ActiveCfg = Release|Any CPU
		{2C0B6DC9-1141-4773-AA2C-9DA3BCC6051B}.Release|x64.Build.0 = Release|Any CPU
		{2C0B6DC9-1141-4773-AA2C-9DA3BCC6051B}.Release|x86.ActiveCfg = Release|Any CPU
		{2C0B6DC9-1141-4773-AA2C-9DA3BCC6051B}.Release|x86.Build.0 = Release|Any CPU
		{E291FCF5-F681-473B-8F29-B4AE7D3B0F55}.Debug|Any CPU.ActiveCfg = Debug|Any CPU
		{E291FCF5-F681-473B-8F29-B4AE7D3B0F55}.Debug|Any CPU.Build.0 = Debug|Any CPU
		{E291FCF5-F681-473B-8F29-B4AE7D3B0F55}.Debug|x64.ActiveCfg = Debug|Any CPU
		{E291FCF5-F681-473B-8F29-B4AE7D3B0F55}.Debug|x64.Build.0 = Debug|Any CPU
		{E291FCF5-F681-473B-8F29-B4AE7D3B0F55}.Debug|x86.ActiveCfg = Debug|Any CPU
		{E291FCF5-F681-473B-8F29-B4AE7D3B0F55}.Debug|x86.Build.0 = Debug|Any CPU
		{E291FCF5-F681-473B-8F29-B4AE7D3B0F55}.Release|Any CPU.ActiveCfg = Release|Any CPU
		{E291FCF5-F681-473B-8F29-B4AE7D3B0F55}.Release|Any CPU.Build.0 = Release|Any CPU
		{E291FCF5-F681-473B-8F29-B4AE7D3B0F55}.Release|x64.ActiveCfg = Release|Any CPU
		{E291FCF5-F681-473B-8F29-B4AE7D3B0F55}.Release|x64.Build.0 = Release|Any CPU
		{E291FCF5-F681-473B-8F29-B4AE7D3B0F55}.Release|x86.ActiveCfg = Release|Any CPU
		{E291FCF5-F681-473B-8F29-B4AE7D3B0F55}.Release|x86.Build.0 = Release|Any CPU
	EndGlobalSection
	GlobalSection(NestedProjects) = preSolution
		{E291FCF5-F681-473B-8F29-B4AE7D3B0F55} = {AA1F1418-7276-4BD1-BB0C-FE2EBF136660}
		{B6D1B01E-C465-41A2-864A-02C152CAC1DE} = {AA1F1418-7276-4BD1-BB0C-FE2EBF136660}
	EndGlobalSection
EndGlobal
